
Microsoft Visual Studio Solution File, Format Version 12.00
# Visual Studio Version 16
VisualStudioVersion = 16.0.30523.141
MinimumVisualStudioVersion = 10.0.40219.1
Project("{9A19103F-16F7-4668-BE54-9A1E7A4F7556}") = "YourPasswordSucks", "YourPasswordSucks\YourPasswordSucks.csproj", "{366173A9-A8D0-4771-B415-9AA9B630309D}"
EndProject
Project("{FAE04EC0-301F-11D3-BF4B-00C04F79EFBC}") = "YourPasswordSucks.Test", "YourPasswordSucks.Test\YourPasswordSucks.Test.csproj", "{7119C52E-0054-44B7-8402-7C8790213343}"
EndProject
Global
	GlobalSection(SolutionConfigurationPlatforms) = preSolution
		Debug|Any CPU = Debug|Any CPU
		Release|Any CPU = Release|Any CPU
	EndGlobalSection
	GlobalSection(ProjectConfigurationPlatforms) = postSolution
		{366173A9-A8D0-4771-B415-9AA9B630309D}.Debug|Any CPU.ActiveCfg = Debug|Any CPU
		{366173A9-A8D0-4771-B415-9AA9B630309D}.Debug|Any CPU.Build.0 = Debug|Any CPU
		{366173A9-A8D0-4771-B415-9AA9B630309D}.Release|Any CPU.ActiveCfg = Release|Any CPU
		{366173A9-A8D0-4771-B415-9AA9B630309D}.Release|Any CPU.Build.0 = Release|Any CPU
		{7119C52E-0054-44B7-8402-7C8790213343}.Debug|Any CPU.ActiveCfg = Debug|Any CPU
		{7119C52E-0054-44B7-8402-7C8790213343}.Debug|Any CPU.Build.0 = Debug|Any CPU
		{7119C52E-0054-44B7-8402-7C8790213343}.Release|Any CPU.ActiveCfg = Release|Any CPU
		{7119C52E-0054-44B7-8402-7C8790213343}.Release|Any CPU.Build.0 = Release|Any CPU
	EndGlobalSection
	GlobalSection(SolutionProperties) = preSolution
		HideSolutionNode = FALSE
	EndGlobalSection
	GlobalSection(ExtensibilityGlobals) = postSolution
		SolutionGuid = {974D3B9C-0BED-44AD-9880-0D229E494B3A}
	EndGlobalSection
EndGlobal
