
Microsoft Visual Studio Solution File, Format Version 12.00
# Visual Studio 15
VisualStudioVersion = 15.0.26430.16
MinimumVisualStudioVersion = 10.0.40219.1
Project("{FAE04EC0-301F-11D3-BF4B-00C04F79EFBC}") = "YourPasswordSucks", "YourPasswordSucks\YourPasswordSucks.csproj", "{366173A9-A8D0-4771-B415-9AA9B630309D}"
EndProject
Project("{FAE04EC0-301F-11D3-BF4B-00C04F79EFBC}") = "YourPasswordSucks.Tests", "YourPasswordSucks.Tests\YourPasswordSucks.Tests.csproj", "{BABE59D0-87EB-47C6-9160-6982A9965791}"
EndProject
Global
	GlobalSection(SolutionConfigurationPlatforms) = preSolution
		Debug|Any CPU = Debug|Any CPU
		Release|Any CPU = Release|Any CPU
	EndGlobalSection
	GlobalSection(ProjectConfigurationPlatforms) = postSolution
		{366173A9-A8D0-4771-B415-9AA9B630309D}.Debug|Any CPU.ActiveCfg = Debug|Any CPU
		{366173A9-A8D0-4771-B415-9AA9B630309D}.Debug|Any CPU.Build.0 = Debug|Any CPU
		{366173A9-A8D0-4771-B415-9AA9B630309D}.Release|Any CPU.ActiveCfg = Release|Any CPU
		{366173A9-A8D0-4771-B415-9AA9B630309D}.Release|Any CPU.Build.0 = Release|Any CPU
		{BABE59D0-87EB-47C6-9160-6982A9965791}.Debug|Any CPU.ActiveCfg = Debug|Any CPU
		{BABE59D0-87EB-47C6-9160-6982A9965791}.Debug|Any CPU.Build.0 = Debug|Any CPU
		{BABE59D0-87EB-47C6-9160-6982A9965791}.Release|Any CPU.ActiveCfg = Release|Any CPU
		{BABE59D0-87EB-47C6-9160-6982A9965791}.Release|Any CPU.Build.0 = Release|Any CPU
	EndGlobalSection
	GlobalSection(SolutionProperties) = preSolution
		HideSolutionNode = FALSE
	EndGlobalSection
EndGlobal
